// !$*UTF8*$!
{
	archiveVersion = 1;
	classes = {
	};
	objectVersion = 48;
	objects = {

/* Begin PBXBuildFile section */
		1A0BFC38DE741C4C9E026C27 /* Pods_Squad_Mortar_Calculator.framework in Frameworks */ = {isa = PBXBuildFile; fileRef = CD612CD50EAB5F04AC174FA3 /* Pods_Squad_Mortar_Calculator.framework */; };
		E613BEC42030F31300F787A4 /* TargetViewController.swift in Sources */ = {isa = PBXBuildFile; fileRef = E613BEC32030F31300F787A4 /* TargetViewController.swift */; };
		E613BEC62030F76200F787A4 /* TargetGridViewController.swift in Sources */ = {isa = PBXBuildFile; fileRef = E613BEC52030F76200F787A4 /* TargetGridViewController.swift */; };
		E613BEC82030FFA400F787A4 /* EnlargedTargetViewController.swift in Sources */ = {isa = PBXBuildFile; fileRef = E613BEC72030FFA400F787A4 /* EnlargedTargetViewController.swift */; };
		E613BECA20310B1000F787A4 /* EnlargedTargetGridViewController.swift in Sources */ = {isa = PBXBuildFile; fileRef = E613BEC920310B1000F787A4 /* EnlargedTargetGridViewController.swift */; };
		E61407DA2032868000F6FB49 /* MoreViewController.swift in Sources */ = {isa = PBXBuildFile; fileRef = E61407D92032868000F6FB49 /* MoreViewController.swift */; };
		E61407E02032881C00F6FB49 /* GuideViewController.swift in Sources */ = {isa = PBXBuildFile; fileRef = E61407DF2032881C00F6FB49 /* GuideViewController.swift */; };
		E61407E2203347AE00F6FB49 /* AboutViewController.swift in Sources */ = {isa = PBXBuildFile; fileRef = E61407E1203347AE00F6FB49 /* AboutViewController.swift */; };
		E61407E42035275300F6FB49 /* PrimaryTabBarController.swift in Sources */ = {isa = PBXBuildFile; fileRef = E61407E32035275300F6FB49 /* PrimaryTabBarController.swift */; };
		E61407E62039CD1500F6FB49 /* calcValues.swift in Sources */ = {isa = PBXBuildFile; fileRef = E61407E52039CD1500F6FB49 /* calcValues.swift */; };
		E61407E82039D8FA00F6FB49 /* calcFunctions.swift in Sources */ = {isa = PBXBuildFile; fileRef = E61407E72039D8FA00F6FB49 /* calcFunctions.swift */; };
		E61407EA203A431200F6FB49 /* extensions.swift in Sources */ = {isa = PBXBuildFile; fileRef = E61407E9203A431200F6FB49 /* extensions.swift */; };
		E61407ED203A950100F6FB49 /* CorrectionsViewController.swift in Sources */ = {isa = PBXBuildFile; fileRef = E61407EC203A950100F6FB49 /* CorrectionsViewController.swift */; };
		E61407F0203A965E00F6FB49 /* BarrageViewController.swift in Sources */ = {isa = PBXBuildFile; fileRef = E61407EF203A965E00F6FB49 /* BarrageViewController.swift */; };
		E61407F2203A9B9B00F6FB49 /* CorrectionsTargetViewController.swift in Sources */ = {isa = PBXBuildFile; fileRef = E61407F1203A9B9B00F6FB49 /* CorrectionsTargetViewController.swift */; };
		E61407F4203A9D8B00F6FB49 /* CorrectionsGridViewController.swift in Sources */ = {isa = PBXBuildFile; fileRef = E61407F3203A9D8B00F6FB49 /* CorrectionsGridViewController.swift */; };
		E61407F6203B15ED00F6FB49 /* CorrectionsEnlargedTargetViewController.swift in Sources */ = {isa = PBXBuildFile; fileRef = E61407F5203B15ED00F6FB49 /* CorrectionsEnlargedTargetViewController.swift */; };
		E61407F8203B162A00F6FB49 /* CorrectionsEnlargedTargetGridViewController.swift in Sources */ = {isa = PBXBuildFile; fileRef = E61407F7203B162A00F6FB49 /* CorrectionsEnlargedTargetGridViewController.swift */; };
		E61407FC203B9F6000F6FB49 /* BarrageTargetViewController.swift in Sources */ = {isa = PBXBuildFile; fileRef = E61407FB203B9F6000F6FB49 /* BarrageTargetViewController.swift */; };
		E61407FE203B9F7B00F6FB49 /* BarrageGridViewController.swift in Sources */ = {isa = PBXBuildFile; fileRef = E61407FD203B9F7B00F6FB49 /* BarrageGridViewController.swift */; };
		E6140800203B9FB100F6FB49 /* BarrageEnlargedTargetViewController.swift in Sources */ = {isa = PBXBuildFile; fileRef = E61407FF203B9FB100F6FB49 /* BarrageEnlargedTargetViewController.swift */; };
		E6140802203B9FCF00F6FB49 /* BarrageEnlargedTargetGridViewController.swift in Sources */ = {isa = PBXBuildFile; fileRef = E6140801203B9FCF00F6FB49 /* BarrageEnlargedTargetGridViewController.swift */; };
		E66FFE922026692B007B730B /* MortarGridViewController.swift in Sources */ = {isa = PBXBuildFile; fileRef = E66FFE912026692B007B730B /* MortarGridViewController.swift */; };
		E66FFE94202735A2007B730B /* EnlargedMortarViewController.swift in Sources */ = {isa = PBXBuildFile; fileRef = E66FFE93202735A2007B730B /* EnlargedMortarViewController.swift */; };
		E66FFE98202890E6007B730B /* EnlargedMortarGridViewController.swift in Sources */ = {isa = PBXBuildFile; fileRef = E66FFE97202890E6007B730B /* EnlargedMortarGridViewController.swift */; };
		E6891B64202369DD0065492F /* MortarViewController.swift in Sources */ = {isa = PBXBuildFile; fileRef = E6891B63202369DD0065492F /* MortarViewController.swift */; };
		E6A11E872023AEE400A0643A /* CoordinateTextFields.swift in Sources */ = {isa = PBXBuildFile; fileRef = E6A11E862023AEE400A0643A /* CoordinateTextFields.swift */; };
		E6D4CFDF2022EA0900FF5658 /* AppDelegate.swift in Sources */ = {isa = PBXBuildFile; fileRef = E6D4CFDE2022EA0900FF5658 /* AppDelegate.swift */; };
		E6D4CFE12022EA0900FF5658 /* CalculatorViewController.swift in Sources */ = {isa = PBXBuildFile; fileRef = E6D4CFE02022EA0900FF5658 /* CalculatorViewController.swift */; };
		E6D4CFE42022EA0900FF5658 /* Main.storyboard in Resources */ = {isa = PBXBuildFile; fileRef = E6D4CFE22022EA0900FF5658 /* Main.storyboard */; };
		E6D4CFE62022EA0900FF5658 /* Assets.xcassets in Resources */ = {isa = PBXBuildFile; fileRef = E6D4CFE52022EA0900FF5658 /* Assets.xcassets */; };
		E6D4CFE92022EA0900FF5658 /* LaunchScreen.storyboard in Resources */ = {isa = PBXBuildFile; fileRef = E6D4CFE72022EA0900FF5658 /* LaunchScreen.storyboard */; };
		E6D4CFFF2022EA0A00FF5658 /* Squad_Mortar_CalculatorUITests.swift in Sources */ = {isa = PBXBuildFile; fileRef = E6D4CFFE2022EA0A00FF5658 /* Squad_Mortar_CalculatorUITests.swift */; };
		E6D838822050B338005DB005 /* PrimaryTabBarControllerTests.swift in Sources */ = {isa = PBXBuildFile; fileRef = E6D838812050B338005DB005 /* PrimaryTabBarControllerTests.swift */; };
		E6D838842050B3CF005DB005 /* calcFunctionsTests.swift in Sources */ = {isa = PBXBuildFile; fileRef = E6D838832050B3CF005DB005 /* calcFunctionsTests.swift */; };
		EBA8004579C9A4058C3C71D3 /* Pods_Squad_Mortar_CalculatorUITests.framework in Frameworks */ = {isa = PBXBuildFile; fileRef = 0E8903A7461EA3030E50B3C3 /* Pods_Squad_Mortar_CalculatorUITests.framework */; };
		EF446836F3104420057AAFB8 /* Pods_Squad_Mortar_CalculatorTests.framework in Frameworks */ = {isa = PBXBuildFile; fileRef = 10D56A95C97B09F08F2BEDD6 /* Pods_Squad_Mortar_CalculatorTests.framework */; };
/* End PBXBuildFile section */

/* Begin PBXContainerItemProxy section */
		E6D4CFF02022EA0900FF5658 /* PBXContainerItemProxy */ = {
			isa = PBXContainerItemProxy;
			containerPortal = E6D4CFD32022EA0900FF5658 /* Project object */;
			proxyType = 1;
			remoteGlobalIDString = E6D4CFDA2022EA0900FF5658;
			remoteInfo = "Squad Mortar Calculator";
		};
		E6D4CFFB2022EA0900FF5658 /* PBXContainerItemProxy */ = {
			isa = PBXContainerItemProxy;
			containerPortal = E6D4CFD32022EA0900FF5658 /* Project object */;
			proxyType = 1;
			remoteGlobalIDString = E6D4CFDA2022EA0900FF5658;
			remoteInfo = "Squad Mortar Calculator";
		};
/* End PBXContainerItemProxy section */

/* Begin PBXFileReference section */
		0E8903A7461EA3030E50B3C3 /* Pods_Squad_Mortar_CalculatorUITests.framework */ = {isa = PBXFileReference; explicitFileType = wrapper.framework; includeInIndex = 0; path = Pods_Squad_Mortar_CalculatorUITests.framework; sourceTree = BUILT_PRODUCTS_DIR; };
		10D56A95C97B09F08F2BEDD6 /* Pods_Squad_Mortar_CalculatorTests.framework */ = {isa = PBXFileReference; explicitFileType = wrapper.framework; includeInIndex = 0; path = Pods_Squad_Mortar_CalculatorTests.framework; sourceTree = BUILT_PRODUCTS_DIR; };
		4E0A137450BEFCA3007DD525 /* Pods-Squad Mortar Calculator.debug.xcconfig */ = {isa = PBXFileReference; includeInIndex = 1; lastKnownFileType = text.xcconfig; name = "Pods-Squad Mortar Calculator.debug.xcconfig"; path = "Pods/Target Support Files/Pods-Squad Mortar Calculator/Pods-Squad Mortar Calculator.debug.xcconfig"; sourceTree = "<group>"; };
		7B459B319504599F88B8F69B /* Pods-Squad Mortar CalculatorUITests.release.xcconfig */ = {isa = PBXFileReference; includeInIndex = 1; lastKnownFileType = text.xcconfig; name = "Pods-Squad Mortar CalculatorUITests.release.xcconfig"; path = "Pods/Target Support Files/Pods-Squad Mortar CalculatorUITests/Pods-Squad Mortar CalculatorUITests.release.xcconfig"; sourceTree = "<group>"; };
		CD612CD50EAB5F04AC174FA3 /* Pods_Squad_Mortar_Calculator.framework */ = {isa = PBXFileReference; explicitFileType = wrapper.framework; includeInIndex = 0; path = Pods_Squad_Mortar_Calculator.framework; sourceTree = BUILT_PRODUCTS_DIR; };
		D36218B670B17AAF55F87804 /* Pods-Squad Mortar CalculatorTests.release.xcconfig */ = {isa = PBXFileReference; includeInIndex = 1; lastKnownFileType = text.xcconfig; name = "Pods-Squad Mortar CalculatorTests.release.xcconfig"; path = "Pods/Target Support Files/Pods-Squad Mortar CalculatorTests/Pods-Squad Mortar CalculatorTests.release.xcconfig"; sourceTree = "<group>"; };
		D62F5606306EC61445179FAB /* Pods-Squad Mortar CalculatorTests.debug.xcconfig */ = {isa = PBXFileReference; includeInIndex = 1; lastKnownFileType = text.xcconfig; name = "Pods-Squad Mortar CalculatorTests.debug.xcconfig"; path = "Pods/Target Support Files/Pods-Squad Mortar CalculatorTests/Pods-Squad Mortar CalculatorTests.debug.xcconfig"; sourceTree = "<group>"; };
		E2AF6421294EE43932BCE641 /* Pods-Squad Mortar Calculator.release.xcconfig */ = {isa = PBXFileReference; includeInIndex = 1; lastKnownFileType = text.xcconfig; name = "Pods-Squad Mortar Calculator.release.xcconfig"; path = "Pods/Target Support Files/Pods-Squad Mortar Calculator/Pods-Squad Mortar Calculator.release.xcconfig"; sourceTree = "<group>"; };
		E613BEC32030F31300F787A4 /* TargetViewController.swift */ = {isa = PBXFileReference; lastKnownFileType = sourcecode.swift; path = TargetViewController.swift; sourceTree = "<group>"; };
		E613BEC52030F76200F787A4 /* TargetGridViewController.swift */ = {isa = PBXFileReference; lastKnownFileType = sourcecode.swift; path = TargetGridViewController.swift; sourceTree = "<group>"; };
		E613BEC72030FFA400F787A4 /* EnlargedTargetViewController.swift */ = {isa = PBXFileReference; lastKnownFileType = sourcecode.swift; path = EnlargedTargetViewController.swift; sourceTree = "<group>"; };
		E613BEC920310B1000F787A4 /* EnlargedTargetGridViewController.swift */ = {isa = PBXFileReference; lastKnownFileType = sourcecode.swift; path = EnlargedTargetGridViewController.swift; sourceTree = "<group>"; };
		E61407D92032868000F6FB49 /* MoreViewController.swift */ = {isa = PBXFileReference; lastKnownFileType = sourcecode.swift; path = MoreViewController.swift; sourceTree = "<group>"; };
		E61407DF2032881C00F6FB49 /* GuideViewController.swift */ = {isa = PBXFileReference; lastKnownFileType = sourcecode.swift; path = GuideViewController.swift; sourceTree = "<group>"; };
		E61407E1203347AE00F6FB49 /* AboutViewController.swift */ = {isa = PBXFileReference; lastKnownFileType = sourcecode.swift; path = AboutViewController.swift; sourceTree = "<group>"; };
		E61407E32035275300F6FB49 /* PrimaryTabBarController.swift */ = {isa = PBXFileReference; lastKnownFileType = sourcecode.swift; path = PrimaryTabBarController.swift; sourceTree = "<group>"; };
		E61407E52039CD1500F6FB49 /* calcValues.swift */ = {isa = PBXFileReference; lastKnownFileType = sourcecode.swift; path = calcValues.swift; sourceTree = "<group>"; };
		E61407E72039D8FA00F6FB49 /* calcFunctions.swift */ = {isa = PBXFileReference; lastKnownFileType = sourcecode.swift; path = calcFunctions.swift; sourceTree = "<group>"; };
		E61407E9203A431200F6FB49 /* extensions.swift */ = {isa = PBXFileReference; lastKnownFileType = sourcecode.swift; path = extensions.swift; sourceTree = "<group>"; };
		E61407EC203A950100F6FB49 /* CorrectionsViewController.swift */ = {isa = PBXFileReference; lastKnownFileType = sourcecode.swift; path = CorrectionsViewController.swift; sourceTree = "<group>"; };
		E61407EF203A965E00F6FB49 /* BarrageViewController.swift */ = {isa = PBXFileReference; lastKnownFileType = sourcecode.swift; path = BarrageViewController.swift; sourceTree = "<group>"; };
		E61407F1203A9B9B00F6FB49 /* CorrectionsTargetViewController.swift */ = {isa = PBXFileReference; lastKnownFileType = sourcecode.swift; path = CorrectionsTargetViewController.swift; sourceTree = "<group>"; };
		E61407F3203A9D8B00F6FB49 /* CorrectionsGridViewController.swift */ = {isa = PBXFileReference; lastKnownFileType = sourcecode.swift; path = CorrectionsGridViewController.swift; sourceTree = "<group>"; };
		E61407F5203B15ED00F6FB49 /* CorrectionsEnlargedTargetViewController.swift */ = {isa = PBXFileReference; lastKnownFileType = sourcecode.swift; path = CorrectionsEnlargedTargetViewController.swift; sourceTree = "<group>"; };
		E61407F7203B162A00F6FB49 /* CorrectionsEnlargedTargetGridViewController.swift */ = {isa = PBXFileReference; lastKnownFileType = sourcecode.swift; path = CorrectionsEnlargedTargetGridViewController.swift; sourceTree = "<group>"; };
		E61407FB203B9F6000F6FB49 /* BarrageTargetViewController.swift */ = {isa = PBXFileReference; lastKnownFileType = sourcecode.swift; path = BarrageTargetViewController.swift; sourceTree = "<group>"; };
		E61407FD203B9F7B00F6FB49 /* BarrageGridViewController.swift */ = {isa = PBXFileReference; lastKnownFileType = sourcecode.swift; path = BarrageGridViewController.swift; sourceTree = "<group>"; };
		E61407FF203B9FB100F6FB49 /* BarrageEnlargedTargetViewController.swift */ = {isa = PBXFileReference; lastKnownFileType = sourcecode.swift; path = BarrageEnlargedTargetViewController.swift; sourceTree = "<group>"; };
		E6140801203B9FCF00F6FB49 /* BarrageEnlargedTargetGridViewController.swift */ = {isa = PBXFileReference; lastKnownFileType = sourcecode.swift; path = BarrageEnlargedTargetGridViewController.swift; sourceTree = "<group>"; };
		E66FFE912026692B007B730B /* MortarGridViewController.swift */ = {isa = PBXFileReference; lastKnownFileType = sourcecode.swift; path = MortarGridViewController.swift; sourceTree = "<group>"; };
		E66FFE93202735A2007B730B /* EnlargedMortarViewController.swift */ = {isa = PBXFileReference; lastKnownFileType = sourcecode.swift; path = EnlargedMortarViewController.swift; sourceTree = "<group>"; };
		E66FFE97202890E6007B730B /* EnlargedMortarGridViewController.swift */ = {isa = PBXFileReference; lastKnownFileType = sourcecode.swift; path = EnlargedMortarGridViewController.swift; sourceTree = "<group>"; };
		E6891B63202369DD0065492F /* MortarViewController.swift */ = {isa = PBXFileReference; lastKnownFileType = sourcecode.swift; path = MortarViewController.swift; sourceTree = "<group>"; };
		E6A11E862023AEE400A0643A /* CoordinateTextFields.swift */ = {isa = PBXFileReference; lastKnownFileType = sourcecode.swift; path = CoordinateTextFields.swift; sourceTree = "<group>"; };
		E6D4CFDB2022EA0900FF5658 /* Squad Mortar Calculator.app */ = {isa = PBXFileReference; explicitFileType = wrapper.application; includeInIndex = 0; path = "Squad Mortar Calculator.app"; sourceTree = BUILT_PRODUCTS_DIR; };
		E6D4CFDE2022EA0900FF5658 /* AppDelegate.swift */ = {isa = PBXFileReference; lastKnownFileType = sourcecode.swift; path = AppDelegate.swift; sourceTree = "<group>"; };
		E6D4CFE02022EA0900FF5658 /* CalculatorViewController.swift */ = {isa = PBXFileReference; lastKnownFileType = sourcecode.swift; path = CalculatorViewController.swift; sourceTree = "<group>"; };
		E6D4CFE32022EA0900FF5658 /* Base */ = {isa = PBXFileReference; lastKnownFileType = file.storyboard; name = Base; path = Base.lproj/Main.storyboard; sourceTree = "<group>"; };
		E6D4CFE52022EA0900FF5658 /* Assets.xcassets */ = {isa = PBXFileReference; lastKnownFileType = folder.assetcatalog; path = Assets.xcassets; sourceTree = "<group>"; };
		E6D4CFE82022EA0900FF5658 /* Base */ = {isa = PBXFileReference; lastKnownFileType = file.storyboard; name = Base; path = Base.lproj/LaunchScreen.storyboard; sourceTree = "<group>"; };
		E6D4CFEA2022EA0900FF5658 /* Info.plist */ = {isa = PBXFileReference; lastKnownFileType = text.plist.xml; path = Info.plist; sourceTree = "<group>"; };
		E6D4CFEF2022EA0900FF5658 /* Squad Mortar CalculatorTests.xctest */ = {isa = PBXFileReference; explicitFileType = wrapper.cfbundle; includeInIndex = 0; path = "Squad Mortar CalculatorTests.xctest"; sourceTree = BUILT_PRODUCTS_DIR; };
		E6D4CFF52022EA0900FF5658 /* Info.plist */ = {isa = PBXFileReference; lastKnownFileType = text.plist.xml; path = Info.plist; sourceTree = "<group>"; };
		E6D4CFFA2022EA0900FF5658 /* Squad Mortar CalculatorUITests.xctest */ = {isa = PBXFileReference; explicitFileType = wrapper.cfbundle; includeInIndex = 0; path = "Squad Mortar CalculatorUITests.xctest"; sourceTree = BUILT_PRODUCTS_DIR; };
		E6D4CFFE2022EA0A00FF5658 /* Squad_Mortar_CalculatorUITests.swift */ = {isa = PBXFileReference; lastKnownFileType = sourcecode.swift; path = Squad_Mortar_CalculatorUITests.swift; sourceTree = "<group>"; };
		E6D4D0002022EA0A00FF5658 /* Info.plist */ = {isa = PBXFileReference; lastKnownFileType = text.plist.xml; path = Info.plist; sourceTree = "<group>"; };
		E6D838812050B338005DB005 /* PrimaryTabBarControllerTests.swift */ = {isa = PBXFileReference; lastKnownFileType = sourcecode.swift; path = PrimaryTabBarControllerTests.swift; sourceTree = "<group>"; };
		E6D838832050B3CF005DB005 /* calcFunctionsTests.swift */ = {isa = PBXFileReference; lastKnownFileType = sourcecode.swift; path = calcFunctionsTests.swift; sourceTree = "<group>"; };
		FB7206AC631971228284313E /* Pods-Squad Mortar CalculatorUITests.debug.xcconfig */ = {isa = PBXFileReference; includeInIndex = 1; lastKnownFileType = text.xcconfig; name = "Pods-Squad Mortar CalculatorUITests.debug.xcconfig"; path = "Pods/Target Support Files/Pods-Squad Mortar CalculatorUITests/Pods-Squad Mortar CalculatorUITests.debug.xcconfig"; sourceTree = "<group>"; };
/* End PBXFileReference section */

/* Begin PBXFrameworksBuildPhase section */
		E6D4CFD82022EA0900FF5658 /* Frameworks */ = {
			isa = PBXFrameworksBuildPhase;
			buildActionMask = 2147483647;
			files = (
				1A0BFC38DE741C4C9E026C27 /* Pods_Squad_Mortar_Calculator.framework in Frameworks */,
			);
			runOnlyForDeploymentPostprocessing = 0;
		};
		E6D4CFEC2022EA0900FF5658 /* Frameworks */ = {
			isa = PBXFrameworksBuildPhase;
			buildActionMask = 2147483647;
			files = (
				EF446836F3104420057AAFB8 /* Pods_Squad_Mortar_CalculatorTests.framework in Frameworks */,
			);
			runOnlyForDeploymentPostprocessing = 0;
		};
		E6D4CFF72022EA0900FF5658 /* Frameworks */ = {
			isa = PBXFrameworksBuildPhase;
			buildActionMask = 2147483647;
			files = (
				EBA8004579C9A4058C3C71D3 /* Pods_Squad_Mortar_CalculatorUITests.framework in Frameworks */,
			);
			runOnlyForDeploymentPostprocessing = 0;
		};
/* End PBXFrameworksBuildPhase section */

/* Begin PBXGroup section */
		3617133BABCFD265BA870CC1 /* Frameworks */ = {
			isa = PBXGroup;
			children = (
				CD612CD50EAB5F04AC174FA3 /* Pods_Squad_Mortar_Calculator.framework */,
				10D56A95C97B09F08F2BEDD6 /* Pods_Squad_Mortar_CalculatorTests.framework */,
				0E8903A7461EA3030E50B3C3 /* Pods_Squad_Mortar_CalculatorUITests.framework */,
			);
			name = Frameworks;
			sourceTree = "<group>";
		};
		68242822BA5556E6E57B4F48 /* Pods */ = {
			isa = PBXGroup;
			children = (
				4E0A137450BEFCA3007DD525 /* Pods-Squad Mortar Calculator.debug.xcconfig */,
				E2AF6421294EE43932BCE641 /* Pods-Squad Mortar Calculator.release.xcconfig */,
				D62F5606306EC61445179FAB /* Pods-Squad Mortar CalculatorTests.debug.xcconfig */,
				D36218B670B17AAF55F87804 /* Pods-Squad Mortar CalculatorTests.release.xcconfig */,
				FB7206AC631971228284313E /* Pods-Squad Mortar CalculatorUITests.debug.xcconfig */,
				7B459B319504599F88B8F69B /* Pods-Squad Mortar CalculatorUITests.release.xcconfig */,
			);
			name = Pods;
			sourceTree = "<group>";
		};
		E613BEC12030F03A00F787A4 /* Mortar VCs */ = {
			isa = PBXGroup;
			children = (
				E6891B63202369DD0065492F /* MortarViewController.swift */,
				E66FFE912026692B007B730B /* MortarGridViewController.swift */,
				E66FFE93202735A2007B730B /* EnlargedMortarViewController.swift */,
				E66FFE97202890E6007B730B /* EnlargedMortarGridViewController.swift */,
			);
			path = "Mortar VCs";
			sourceTree = "<group>";
		};
		E613BEC22030F22100F787A4 /* Target VCs */ = {
			isa = PBXGroup;
			children = (
				E613BEC32030F31300F787A4 /* TargetViewController.swift */,
				E613BEC52030F76200F787A4 /* TargetGridViewController.swift */,
				E613BEC72030FFA400F787A4 /* EnlargedTargetViewController.swift */,
				E613BEC920310B1000F787A4 /* EnlargedTargetGridViewController.swift */,
			);
			path = "Target VCs";
			sourceTree = "<group>";
		};
		E61407DD203286FA00F6FB49 /* Calculator VCs */ = {
			isa = PBXGroup;
			children = (
				E6D4CFE02022EA0900FF5658 /* CalculatorViewController.swift */,
				E613BEC12030F03A00F787A4 /* Mortar VCs */,
				E613BEC22030F22100F787A4 /* Target VCs */,
			);
			path = "Calculator VCs";
			sourceTree = "<group>";
		};
		E61407DE2032879700F6FB49 /* More VCs */ = {
			isa = PBXGroup;
			children = (
				E61407D92032868000F6FB49 /* MoreViewController.swift */,
				E61407DF2032881C00F6FB49 /* GuideViewController.swift */,
				E61407E1203347AE00F6FB49 /* AboutViewController.swift */,
			);
			path = "More VCs";
			sourceTree = "<group>";
		};
		E61407EB203A94A800F6FB49 /* Corrections VCs */ = {
			isa = PBXGroup;
			children = (
				E61407EC203A950100F6FB49 /* CorrectionsViewController.swift */,
				E61407F1203A9B9B00F6FB49 /* CorrectionsTargetViewController.swift */,
				E61407F3203A9D8B00F6FB49 /* CorrectionsGridViewController.swift */,
				E61407F5203B15ED00F6FB49 /* CorrectionsEnlargedTargetViewController.swift */,
				E61407F7203B162A00F6FB49 /* CorrectionsEnlargedTargetGridViewController.swift */,
			);
			path = "Corrections VCs";
			sourceTree = "<group>";
		};
		E61407EE203A959B00F6FB49 /* Barrage VCs */ = {
			isa = PBXGroup;
			children = (
				E61407EF203A965E00F6FB49 /* BarrageViewController.swift */,
				E61407FB203B9F6000F6FB49 /* BarrageTargetViewController.swift */,
				E61407FD203B9F7B00F6FB49 /* BarrageGridViewController.swift */,
				E61407FF203B9FB100F6FB49 /* BarrageEnlargedTargetViewController.swift */,
				E6140801203B9FCF00F6FB49 /* BarrageEnlargedTargetGridViewController.swift */,
			);
			path = "Barrage VCs";
			sourceTree = "<group>";
		};
		E6D4CFD22022EA0900FF5658 = {
			isa = PBXGroup;
			children = (
				E6D4CFDD2022EA0900FF5658 /* Squad Mortar Calculator */,
				E6D4CFF22022EA0900FF5658 /* Squad Mortar CalculatorTests */,
				E6D4CFFD2022EA0900FF5658 /* Squad Mortar CalculatorUITests */,
				E6D4CFDC2022EA0900FF5658 /* Products */,
				68242822BA5556E6E57B4F48 /* Pods */,
				3617133BABCFD265BA870CC1 /* Frameworks */,
			);
			sourceTree = "<group>";
		};
		E6D4CFDC2022EA0900FF5658 /* Products */ = {
			isa = PBXGroup;
			children = (
				E6D4CFDB2022EA0900FF5658 /* Squad Mortar Calculator.app */,
				E6D4CFEF2022EA0900FF5658 /* Squad Mortar CalculatorTests.xctest */,
				E6D4CFFA2022EA0900FF5658 /* Squad Mortar CalculatorUITests.xctest */,
			);
			name = Products;
			sourceTree = "<group>";
		};
		E6D4CFDD2022EA0900FF5658 /* Squad Mortar Calculator */ = {
			isa = PBXGroup;
			children = (
				E61407DD203286FA00F6FB49 /* Calculator VCs */,
				E61407EB203A94A800F6FB49 /* Corrections VCs */,
				E61407EE203A959B00F6FB49 /* Barrage VCs */,
				E61407DE2032879700F6FB49 /* More VCs */,
				E61407E32035275300F6FB49 /* PrimaryTabBarController.swift */,
				E6D4CFDE2022EA0900FF5658 /* AppDelegate.swift */,
				E6D4CFE22022EA0900FF5658 /* Main.storyboard */,
				E6D4CFE52022EA0900FF5658 /* Assets.xcassets */,
				E6D4CFE72022EA0900FF5658 /* LaunchScreen.storyboard */,
				E6D4CFEA2022EA0900FF5658 /* Info.plist */,
				E6A11E862023AEE400A0643A /* CoordinateTextFields.swift */,
				E61407E52039CD1500F6FB49 /* calcValues.swift */,
				E61407E72039D8FA00F6FB49 /* calcFunctions.swift */,
				E61407E9203A431200F6FB49 /* extensions.swift */,
			);
			path = "Squad Mortar Calculator";
			sourceTree = "<group>";
		};
		E6D4CFF22022EA0900FF5658 /* Squad Mortar CalculatorTests */ = {
			isa = PBXGroup;
			children = (
				E6D4CFF52022EA0900FF5658 /* Info.plist */,
				E6D838812050B338005DB005 /* PrimaryTabBarControllerTests.swift */,
				E6D838832050B3CF005DB005 /* calcFunctionsTests.swift */,
			);
			path = "Squad Mortar CalculatorTests";
			sourceTree = "<group>";
		};
		E6D4CFFD2022EA0900FF5658 /* Squad Mortar CalculatorUITests */ = {
			isa = PBXGroup;
			children = (
				E6D4CFFE2022EA0A00FF5658 /* Squad_Mortar_CalculatorUITests.swift */,
				E6D4D0002022EA0A00FF5658 /* Info.plist */,
			);
			path = "Squad Mortar CalculatorUITests";
			sourceTree = "<group>";
		};
/* End PBXGroup section */

/* Begin PBXNativeTarget section */
		E6D4CFDA2022EA0900FF5658 /* Squad Mortar Calculator */ = {
			isa = PBXNativeTarget;
			buildConfigurationList = E6D4D0032022EA0A00FF5658 /* Build configuration list for PBXNativeTarget "Squad Mortar Calculator" */;
			buildPhases = (
				043E091A57D409419F123EA3 /* [CP] Check Pods Manifest.lock */,
				E6D4CFD72022EA0900FF5658 /* Sources */,
				E6D4CFD82022EA0900FF5658 /* Frameworks */,
				E6D4CFD92022EA0900FF5658 /* Resources */,
				257682DC55791E1E3CA6F114 /* [CP] Embed Pods Frameworks */,
				EDD4E5CDF380C42DF8DCD03F /* [CP] Copy Pods Resources */,
				E6202B4B204EE8FD00154697 /* Run Tailor */,
			);
			buildRules = (
			);
			dependencies = (
			);
			name = "Squad Mortar Calculator";
			productName = "Squad Mortar Calculator";
			productReference = E6D4CFDB2022EA0900FF5658 /* Squad Mortar Calculator.app */;
			productType = "com.apple.product-type.application";
		};
		E6D4CFEE2022EA0900FF5658 /* Squad Mortar CalculatorTests */ = {
			isa = PBXNativeTarget;
			buildConfigurationList = E6D4D0062022EA0A00FF5658 /* Build configuration list for PBXNativeTarget "Squad Mortar CalculatorTests" */;
			buildPhases = (
				0988C076B5BA0610A4D37B21 /* [CP] Check Pods Manifest.lock */,
				E6D4CFEB2022EA0900FF5658 /* Sources */,
				E6D4CFEC2022EA0900FF5658 /* Frameworks */,
				E6D4CFED2022EA0900FF5658 /* Resources */,
				791B813CD2D2DE919AD2DDA3 /* [CP] Embed Pods Frameworks */,
				F6C064B9F840189B5A7A5453 /* [CP] Copy Pods Resources */,
			);
			buildRules = (
			);
			dependencies = (
				E6D4CFF12022EA0900FF5658 /* PBXTargetDependency */,
			);
			name = "Squad Mortar CalculatorTests";
			productName = "Squad Mortar CalculatorTests";
			productReference = E6D4CFEF2022EA0900FF5658 /* Squad Mortar CalculatorTests.xctest */;
			productType = "com.apple.product-type.bundle.unit-test";
		};
		E6D4CFF92022EA0900FF5658 /* Squad Mortar CalculatorUITests */ = {
			isa = PBXNativeTarget;
			buildConfigurationList = E6D4D0092022EA0A00FF5658 /* Build configuration list for PBXNativeTarget "Squad Mortar CalculatorUITests" */;
			buildPhases = (
				362C7F5C95AE241193DDBDF8 /* [CP] Check Pods Manifest.lock */,
				E6D4CFF62022EA0900FF5658 /* Sources */,
				E6D4CFF72022EA0900FF5658 /* Frameworks */,
				E6D4CFF82022EA0900FF5658 /* Resources */,
				DD5C5AAC6343DCB6D11BA038 /* [CP] Embed Pods Frameworks */,
				B6C690516CC1B430814CC99E /* [CP] Copy Pods Resources */,
			);
			buildRules = (
			);
			dependencies = (
				E6D4CFFC2022EA0900FF5658 /* PBXTargetDependency */,
			);
			name = "Squad Mortar CalculatorUITests";
			productName = "Squad Mortar CalculatorUITests";
			productReference = E6D4CFFA2022EA0900FF5658 /* Squad Mortar CalculatorUITests.xctest */;
			productType = "com.apple.product-type.bundle.ui-testing";
		};
/* End PBXNativeTarget section */

/* Begin PBXProject section */
		E6D4CFD32022EA0900FF5658 /* Project object */ = {
			isa = PBXProject;
			attributes = {
				LastSwiftUpdateCheck = 0920;
				LastUpgradeCheck = 0920;
				ORGANIZATIONNAME = "James Longman";
				TargetAttributes = {
					E6D4CFDA2022EA0900FF5658 = {
						CreatedOnToolsVersion = 9.2;
						ProvisioningStyle = Automatic;
					};
					E6D4CFEE2022EA0900FF5658 = {
						CreatedOnToolsVersion = 9.2;
						LastSwiftMigration = 0920;
						ProvisioningStyle = Automatic;
						TestTargetID = E6D4CFDA2022EA0900FF5658;
					};
					E6D4CFF92022EA0900FF5658 = {
						CreatedOnToolsVersion = 9.2;
						ProvisioningStyle = Automatic;
						TestTargetID = E6D4CFDA2022EA0900FF5658;
					};
				};
			};
			buildConfigurationList = E6D4CFD62022EA0900FF5658 /* Build configuration list for PBXProject "Squad Mortar Calculator" */;
			compatibilityVersion = "Xcode 8.0";
			developmentRegion = en;
			hasScannedForEncodings = 0;
			knownRegions = (
				en,
				Base,
			);
			mainGroup = E6D4CFD22022EA0900FF5658;
			productRefGroup = E6D4CFDC2022EA0900FF5658 /* Products */;
			projectDirPath = "";
			projectRoot = "";
			targets = (
				E6D4CFDA2022EA0900FF5658 /* Squad Mortar Calculator */,
				E6D4CFEE2022EA0900FF5658 /* Squad Mortar CalculatorTests */,
				E6D4CFF92022EA0900FF5658 /* Squad Mortar CalculatorUITests */,
			);
		};
/* End PBXProject section */

/* Begin PBXResourcesBuildPhase section */
		E6D4CFD92022EA0900FF5658 /* Resources */ = {
			isa = PBXResourcesBuildPhase;
			buildActionMask = 2147483647;
			files = (
				E6D4CFE92022EA0900FF5658 /* LaunchScreen.storyboard in Resources */,
				E6D4CFE62022EA0900FF5658 /* Assets.xcassets in Resources */,
				E6D4CFE42022EA0900FF5658 /* Main.storyboard in Resources */,
			);
			runOnlyForDeploymentPostprocessing = 0;
		};
		E6D4CFED2022EA0900FF5658 /* Resources */ = {
			isa = PBXResourcesBuildPhase;
			buildActionMask = 2147483647;
			files = (
			);
			runOnlyForDeploymentPostprocessing = 0;
		};
		E6D4CFF82022EA0900FF5658 /* Resources */ = {
			isa = PBXResourcesBuildPhase;
			buildActionMask = 2147483647;
			files = (
			);
			runOnlyForDeploymentPostprocessing = 0;
		};
/* End PBXResourcesBuildPhase section */

/* Begin PBXShellScriptBuildPhase section */
		043E091A57D409419F123EA3 /* [CP] Check Pods Manifest.lock */ = {
			isa = PBXShellScriptBuildPhase;
			buildActionMask = 2147483647;
			files = (
			);
			inputPaths = (
				"${PODS_PODFILE_DIR_PATH}/Podfile.lock",
				"${PODS_ROOT}/Manifest.lock",
			);
			name = "[CP] Check Pods Manifest.lock";
			outputPaths = (
				"$(DERIVED_FILE_DIR)/Pods-Squad Mortar Calculator-checkManifestLockResult.txt",
			);
			runOnlyForDeploymentPostprocessing = 0;
			shellPath = /bin/sh;
			shellScript = "diff \"${PODS_PODFILE_DIR_PATH}/Podfile.lock\" \"${PODS_ROOT}/Manifest.lock\" > /dev/null\nif [ $? != 0 ] ; then\n    # print error to STDERR\n    echo \"error: The sandbox is not in sync with the Podfile.lock. Run 'pod install' or update your CocoaPods installation.\" >&2\n    exit 1\nfi\n# This output is used by Xcode 'outputs' to avoid re-running this script phase.\necho \"SUCCESS\" > \"${SCRIPT_OUTPUT_FILE_0}\"\n";
			showEnvVarsInLog = 0;
		};
		0988C076B5BA0610A4D37B21 /* [CP] Check Pods Manifest.lock */ = {
			isa = PBXShellScriptBuildPhase;
			buildActionMask = 2147483647;
			files = (
			);
			inputPaths = (
				"${PODS_PODFILE_DIR_PATH}/Podfile.lock",
				"${PODS_ROOT}/Manifest.lock",
			);
			name = "[CP] Check Pods Manifest.lock";
			outputPaths = (
				"$(DERIVED_FILE_DIR)/Pods-Squad Mortar CalculatorTests-checkManifestLockResult.txt",
			);
			runOnlyForDeploymentPostprocessing = 0;
			shellPath = /bin/sh;
			shellScript = "diff \"${PODS_PODFILE_DIR_PATH}/Podfile.lock\" \"${PODS_ROOT}/Manifest.lock\" > /dev/null\nif [ $? != 0 ] ; then\n    # print error to STDERR\n    echo \"error: The sandbox is not in sync with the Podfile.lock. Run 'pod install' or update your CocoaPods installation.\" >&2\n    exit 1\nfi\n# This output is used by Xcode 'outputs' to avoid re-running this script phase.\necho \"SUCCESS\" > \"${SCRIPT_OUTPUT_FILE_0}\"\n";
			showEnvVarsInLog = 0;
		};
		257682DC55791E1E3CA6F114 /* [CP] Embed Pods Frameworks */ = {
			isa = PBXShellScriptBuildPhase;
			buildActionMask = 2147483647;
			files = (
			);
			inputPaths = (
				"${SRCROOT}/Pods/Target Support Files/Pods-Squad Mortar Calculator/Pods-Squad Mortar Calculator-frameworks.sh",
				"${BUILT_PRODUCTS_DIR}/LTMorphingLabel/LTMorphingLabel.framework",
			);
			name = "[CP] Embed Pods Frameworks";
			outputPaths = (
				"${TARGET_BUILD_DIR}/${FRAMEWORKS_FOLDER_PATH}/LTMorphingLabel.framework",
			);
			runOnlyForDeploymentPostprocessing = 0;
			shellPath = /bin/sh;
			shellScript = "\"${SRCROOT}/Pods/Target Support Files/Pods-Squad Mortar Calculator/Pods-Squad Mortar Calculator-frameworks.sh\"\n";
			showEnvVarsInLog = 0;
		};
		362C7F5C95AE241193DDBDF8 /* [CP] Check Pods Manifest.lock */ = {
			isa = PBXShellScriptBuildPhase;
			buildActionMask = 2147483647;
			files = (
			);
			inputPaths = (
				"${PODS_PODFILE_DIR_PATH}/Podfile.lock",
				"${PODS_ROOT}/Manifest.lock",
			);
			name = "[CP] Check Pods Manifest.lock";
			outputPaths = (
				"$(DERIVED_FILE_DIR)/Pods-Squad Mortar CalculatorUITests-checkManifestLockResult.txt",
			);
			runOnlyForDeploymentPostprocessing = 0;
			shellPath = /bin/sh;
			shellScript = "diff \"${PODS_PODFILE_DIR_PATH}/Podfile.lock\" \"${PODS_ROOT}/Manifest.lock\" > /dev/null\nif [ $? != 0 ] ; then\n    # print error to STDERR\n    echo \"error: The sandbox is not in sync with the Podfile.lock. Run 'pod install' or update your CocoaPods installation.\" >&2\n    exit 1\nfi\n# This output is used by Xcode 'outputs' to avoid re-running this script phase.\necho \"SUCCESS\" > \"${SCRIPT_OUTPUT_FILE_0}\"\n";
			showEnvVarsInLog = 0;
		};
		791B813CD2D2DE919AD2DDA3 /* [CP] Embed Pods Frameworks */ = {
			isa = PBXShellScriptBuildPhase;
			buildActionMask = 2147483647;
			files = (
			);
			inputPaths = (
			);
			name = "[CP] Embed Pods Frameworks";
			outputPaths = (
			);
			runOnlyForDeploymentPostprocessing = 0;
			shellPath = /bin/sh;
			shellScript = "\"${SRCROOT}/Pods/Target Support Files/Pods-Squad Mortar CalculatorTests/Pods-Squad Mortar CalculatorTests-frameworks.sh\"\n";
			showEnvVarsInLog = 0;
		};
		B6C690516CC1B430814CC99E /* [CP] Copy Pods Resources */ = {
			isa = PBXShellScriptBuildPhase;
			buildActionMask = 2147483647;
			files = (
			);
			inputPaths = (
			);
			name = "[CP] Copy Pods Resources";
			outputPaths = (
			);
			runOnlyForDeploymentPostprocessing = 0;
			shellPath = /bin/sh;
			shellScript = "\"${SRCROOT}/Pods/Target Support Files/Pods-Squad Mortar CalculatorUITests/Pods-Squad Mortar CalculatorUITests-resources.sh\"\n";
			showEnvVarsInLog = 0;
		};
		DD5C5AAC6343DCB6D11BA038 /* [CP] Embed Pods Frameworks */ = {
			isa = PBXShellScriptBuildPhase;
			buildActionMask = 2147483647;
			files = (
			);
			inputPaths = (
			);
			name = "[CP] Embed Pods Frameworks";
			outputPaths = (
			);
			runOnlyForDeploymentPostprocessing = 0;
			shellPath = /bin/sh;
			shellScript = "\"${SRCROOT}/Pods/Target Support Files/Pods-Squad Mortar CalculatorUITests/Pods-Squad Mortar CalculatorUITests-frameworks.sh\"\n";
			showEnvVarsInLog = 0;
		};
		E6202B4B204EE8FD00154697 /* Run Tailor */ = {
			isa = PBXShellScriptBuildPhase;
			buildActionMask = 2147483647;
			files = (
			);
			inputPaths = (
			);
			name = "Run Tailor";
			outputPaths = (
			);
			runOnlyForDeploymentPostprocessing = 0;
			shellPath = /bin/sh;
			shellScript = "set -x\n\nif [ \"${CONFIGURATION}\" = \"Debug\" ]; then\n    if hash tailor 2>/dev/null; then\n        tailor --min-name-length=2 --max-line-length=120\n    else\n        echo \"warning: Please install Tailor from https://tailor.sh\"\n    fi\nfi";
		};
		EDD4E5CDF380C42DF8DCD03F /* [CP] Copy Pods Resources */ = {
			isa = PBXShellScriptBuildPhase;
			buildActionMask = 2147483647;
			files = (
			);
			inputPaths = (
			);
			name = "[CP] Copy Pods Resources";
			outputPaths = (
			);
			runOnlyForDeploymentPostprocessing = 0;
			shellPath = /bin/sh;
			shellScript = "\"${SRCROOT}/Pods/Target Support Files/Pods-Squad Mortar Calculator/Pods-Squad Mortar Calculator-resources.sh\"\n";
			showEnvVarsInLog = 0;
		};
		F6C064B9F840189B5A7A5453 /* [CP] Copy Pods Resources */ = {
			isa = PBXShellScriptBuildPhase;
			buildActionMask = 2147483647;
			files = (
			);
			inputPaths = (
			);
			name = "[CP] Copy Pods Resources";
			outputPaths = (
			);
			runOnlyForDeploymentPostprocessing = 0;
			shellPath = /bin/sh;
			shellScript = "\"${SRCROOT}/Pods/Target Support Files/Pods-Squad Mortar CalculatorTests/Pods-Squad Mortar CalculatorTests-resources.sh\"\n";
			showEnvVarsInLog = 0;
		};
/* End PBXShellScriptBuildPhase section */

/* Begin PBXSourcesBuildPhase section */
		E6D4CFD72022EA0900FF5658 /* Sources */ = {
			isa = PBXSourcesBuildPhase;
			buildActionMask = 2147483647;
			files = (
				E66FFE922026692B007B730B /* MortarGridViewController.swift in Sources */,
				E6A11E872023AEE400A0643A /* CoordinateTextFields.swift in Sources */,
				E61407E82039D8FA00F6FB49 /* calcFunctions.swift in Sources */,
				E6D4CFE12022EA0900FF5658 /* CalculatorViewController.swift in Sources */,
				E61407F4203A9D8B00F6FB49 /* CorrectionsGridViewController.swift in Sources */,
				E61407FC203B9F6000F6FB49 /* BarrageTargetViewController.swift in Sources */,
				E613BEC42030F31300F787A4 /* TargetViewController.swift in Sources */,
				E61407FE203B9F7B00F6FB49 /* BarrageGridViewController.swift in Sources */,
				E61407EA203A431200F6FB49 /* extensions.swift in Sources */,
				E613BEC62030F76200F787A4 /* TargetGridViewController.swift in Sources */,
				E6140802203B9FCF00F6FB49 /* BarrageEnlargedTargetGridViewController.swift in Sources */,
				E613BEC82030FFA400F787A4 /* EnlargedTargetViewController.swift in Sources */,
				E61407F6203B15ED00F6FB49 /* CorrectionsEnlargedTargetViewController.swift in Sources */,
				E61407F0203A965E00F6FB49 /* BarrageViewController.swift in Sources */,
				E6D4CFDF2022EA0900FF5658 /* AppDelegate.swift in Sources */,
				E613BECA20310B1000F787A4 /* EnlargedTargetGridViewController.swift in Sources */,
				E61407F2203A9B9B00F6FB49 /* CorrectionsTargetViewController.swift in Sources */,
				E66FFE98202890E6007B730B /* EnlargedMortarGridViewController.swift in Sources */,
				E61407DA2032868000F6FB49 /* MoreViewController.swift in Sources */,
				E61407E2203347AE00F6FB49 /* AboutViewController.swift in Sources */,
				E6891B64202369DD0065492F /* MortarViewController.swift in Sources */,
				E61407E02032881C00F6FB49 /* GuideViewController.swift in Sources */,
				E61407E42035275300F6FB49 /* PrimaryTabBarController.swift in Sources */,
				E61407ED203A950100F6FB49 /* CorrectionsViewController.swift in Sources */,
				E6140800203B9FB100F6FB49 /* BarrageEnlargedTargetViewController.swift in Sources */,
				E61407F8203B162A00F6FB49 /* CorrectionsEnlargedTargetGridViewController.swift in Sources */,
				E61407E62039CD1500F6FB49 /* calcValues.swift in Sources */,
				E66FFE94202735A2007B730B /* EnlargedMortarViewController.swift in Sources */,
			);
			runOnlyForDeploymentPostprocessing = 0;
		};
		E6D4CFEB2022EA0900FF5658 /* Sources */ = {
			isa = PBXSourcesBuildPhase;
			buildActionMask = 2147483647;
			files = (
				E6D838842050B3CF005DB005 /* calcFunctionsTests.swift in Sources */,
				E6D838822050B338005DB005 /* PrimaryTabBarControllerTests.swift in Sources */,
			);
			runOnlyForDeploymentPostprocessing = 0;
		};
		E6D4CFF62022EA0900FF5658 /* Sources */ = {
			isa = PBXSourcesBuildPhase;
			buildActionMask = 2147483647;
			files = (
				E6D4CFFF2022EA0A00FF5658 /* Squad_Mortar_CalculatorUITests.swift in Sources */,
			);
			runOnlyForDeploymentPostprocessing = 0;
		};
/* End PBXSourcesBuildPhase section */

/* Begin PBXTargetDependency section */
		E6D4CFF12022EA0900FF5658 /* PBXTargetDependency */ = {
			isa = PBXTargetDependency;
			target = E6D4CFDA2022EA0900FF5658 /* Squad Mortar Calculator */;
			targetProxy = E6D4CFF02022EA0900FF5658 /* PBXContainerItemProxy */;
		};
		E6D4CFFC2022EA0900FF5658 /* PBXTargetDependency */ = {
			isa = PBXTargetDependency;
			target = E6D4CFDA2022EA0900FF5658 /* Squad Mortar Calculator */;
			targetProxy = E6D4CFFB2022EA0900FF5658 /* PBXContainerItemProxy */;
		};
/* End PBXTargetDependency section */

/* Begin PBXVariantGroup section */
		E6D4CFE22022EA0900FF5658 /* Main.storyboard */ = {
			isa = PBXVariantGroup;
			children = (
				E6D4CFE32022EA0900FF5658 /* Base */,
			);
			name = Main.storyboard;
			sourceTree = "<group>";
		};
		E6D4CFE72022EA0900FF5658 /* LaunchScreen.storyboard */ = {
			isa = PBXVariantGroup;
			children = (
				E6D4CFE82022EA0900FF5658 /* Base */,
			);
			name = LaunchScreen.storyboard;
			sourceTree = "<group>";
		};
/* End PBXVariantGroup section */

/* Begin XCBuildConfiguration section */
		E627A58B2052A3E10055D2BD /* Analyze */ = {
			isa = XCBuildConfiguration;
			buildSettings = {
				ALWAYS_SEARCH_USER_PATHS = NO;
				CLANG_ANALYZER_NONNULL = YES;
				CLANG_ANALYZER_NUMBER_OBJECT_CONVERSION = YES_AGGRESSIVE;
				CLANG_CXX_LANGUAGE_STANDARD = "gnu++14";
				CLANG_CXX_LIBRARY = "libc++";
				CLANG_ENABLE_MODULES = YES;
				CLANG_ENABLE_OBJC_ARC = YES;
				CLANG_WARN_BLOCK_CAPTURE_AUTORELEASING = YES;
				CLANG_WARN_BOOL_CONVERSION = YES;
				CLANG_WARN_COMMA = YES;
				CLANG_WARN_CONSTANT_CONVERSION = YES;
				CLANG_WARN_DIRECT_OBJC_ISA_USAGE = YES_ERROR;
				CLANG_WARN_DOCUMENTATION_COMMENTS = YES;
				CLANG_WARN_EMPTY_BODY = YES;
				CLANG_WARN_ENUM_CONVERSION = YES;
				CLANG_WARN_INFINITE_RECURSION = YES;
				CLANG_WARN_INT_CONVERSION = YES;
				CLANG_WARN_NON_LITERAL_NULL_CONVERSION = YES;
				CLANG_WARN_OBJC_LITERAL_CONVERSION = YES;
				CLANG_WARN_OBJC_ROOT_CLASS = YES_ERROR;
				CLANG_WARN_RANGE_LOOP_ANALYSIS = YES;
				CLANG_WARN_STRICT_PROTOTYPES = YES;
				CLANG_WARN_SUSPICIOUS_MOVE = YES;
				CLANG_WARN_UNGUARDED_AVAILABILITY = YES_AGGRESSIVE;
				CLANG_WARN_UNREACHABLE_CODE = YES;
				CLANG_WARN__DUPLICATE_METHOD_MATCH = YES;
				CODE_SIGN_IDENTITY = "iPhone Distribution: James Longman (5SS98SJ973)";
				COPY_PHASE_STRIP = NO;
				DEBUG_INFORMATION_FORMAT = dwarf;
				ENABLE_STRICT_OBJC_MSGSEND = YES;
				ENABLE_TESTABILITY = YES;
				GCC_C_LANGUAGE_STANDARD = gnu11;
				GCC_DYNAMIC_NO_PIC = NO;
				GCC_NO_COMMON_BLOCKS = YES;
				GCC_OPTIMIZATION_LEVEL = 0;
				GCC_PREPROCESSOR_DEFINITIONS = (
					"DEBUG=1",
					"$(inherited)",
				);
				GCC_WARN_64_TO_32_BIT_CONVERSION = YES;
				GCC_WARN_ABOUT_RETURN_TYPE = YES_ERROR;
				GCC_WARN_UNDECLARED_SELECTOR = YES;
				GCC_WARN_UNINITIALIZED_AUTOS = YES_AGGRESSIVE;
				GCC_WARN_UNUSED_FUNCTION = YES;
				GCC_WARN_UNUSED_VARIABLE = YES;
				IPHONEOS_DEPLOYMENT_TARGET = 11.2;
				MTL_ENABLE_DEBUG_INFO = YES;
				ONLY_ACTIVE_ARCH = YES;
				SDKROOT = iphoneos;
				SWIFT_ACTIVE_COMPILATION_CONDITIONS = DEBUG;
				SWIFT_OPTIMIZATION_LEVEL = "-Onone";
			};
			name = Analyze;
		};
		E627A58C2052A3E10055D2BD /* Analyze */ = {
			isa = XCBuildConfiguration;
			baseConfigurationReference = 4E0A137450BEFCA3007DD525 /* Pods-Squad Mortar Calculator.debug.xcconfig */;
			buildSettings = {
				ASSETCATALOG_COMPILER_APPICON_NAME = AppIcon;
				ASSETCATALOG_COMPILER_LAUNCHIMAGE_NAME = LaunchImage;
				CODE_SIGN_IDENTITY = "iPhone Developer";
				"CODE_SIGN_IDENTITY[sdk=iphoneos*]" = "iPhone Developer";
				CODE_SIGN_STYLE = Automatic;
				DEVELOPMENT_TEAM = 5SS98SJ973;
				INFOPLIST_FILE = "Squad Mortar Calculator/Info.plist";
				IPHONEOS_DEPLOYMENT_TARGET = 11.2;
				LD_RUNPATH_SEARCH_PATHS = "$(inherited) @executable_path/Frameworks";
				PRODUCT_BUNDLE_IDENTIFIER = "com.JamesLongman.Squad-Mortar-Calculator";
				PRODUCT_NAME = "$(TARGET_NAME)";
				PROVISIONING_PROFILE_SPECIFIER = "";
				SWIFT_VERSION = 4.0;
				TARGETED_DEVICE_FAMILY = "1,2";
			};
			name = Analyze;
		};
		E627A58D2052A3E10055D2BD /* Analyze */ = {
			isa = XCBuildConfiguration;
			baseConfigurationReference = D62F5606306EC61445179FAB /* Pods-Squad Mortar CalculatorTests.debug.xcconfig */;
			buildSettings = {
				ALWAYS_EMBED_SWIFT_STANDARD_LIBRARIES = YES;
				BUNDLE_LOADER = "$(TEST_HOST)";
				CLANG_ENABLE_MODULES = YES;
				CODE_SIGN_STYLE = Automatic;
				DEVELOPMENT_TEAM = 5SS98SJ973;
				INFOPLIST_FILE = "Squad Mortar CalculatorTests/Info.plist";
				LD_RUNPATH_SEARCH_PATHS = "$(inherited) @executable_path/Frameworks @loader_path/Frameworks";
				PRODUCT_BUNDLE_IDENTIFIER = "com.JamesLongman.Squad-Mortar-CalculatorTests";
				PRODUCT_NAME = "$(TARGET_NAME)";
				SWIFT_OPTIMIZATION_LEVEL = "-Onone";
				SWIFT_VERSION = 4.0;
				TARGETED_DEVICE_FAMILY = "1,2";
				TEST_HOST = "$(BUILT_PRODUCTS_DIR)/Squad Mortar Calculator.app/Squad Mortar Calculator";
			};
			name = Analyze;
		};
		E627A58E2052A3E10055D2BD /* Analyze */ = {
			isa = XCBuildConfiguration;
			baseConfigurationReference = FB7206AC631971228284313E /* Pods-Squad Mortar CalculatorUITests.debug.xcconfig */;
			buildSettings = {
				ALWAYS_EMBED_SWIFT_STANDARD_LIBRARIES = YES;
				CODE_SIGN_STYLE = Automatic;
				DEVELOPMENT_TEAM = 5SS98SJ973;
				INFOPLIST_FILE = "Squad Mortar CalculatorUITests/Info.plist";
				LD_RUNPATH_SEARCH_PATHS = "$(inherited) @executable_path/Frameworks @loader_path/Frameworks";
				PRODUCT_BUNDLE_IDENTIFIER = "com.JamesLongman.Squad-Mortar-CalculatorUITests";
				PRODUCT_NAME = "$(TARGET_NAME)";
				SWIFT_VERSION = 4.0;
				TARGETED_DEVICE_FAMILY = "1,2";
				TEST_TARGET_NAME = "Squad Mortar Calculator";
			};
			name = Analyze;
		};
		E6D4D0012022EA0A00FF5658 /* Debug */ = {
			isa = XCBuildConfiguration;
			buildSettings = {
				ALWAYS_SEARCH_USER_PATHS = NO;
				CLANG_ANALYZER_NONNULL = YES;
				CLANG_ANALYZER_NUMBER_OBJECT_CONVERSION = YES_AGGRESSIVE;
				CLANG_CXX_LANGUAGE_STANDARD = "gnu++14";
				CLANG_CXX_LIBRARY = "libc++";
				CLANG_ENABLE_MODULES = YES;
				CLANG_ENABLE_OBJC_ARC = YES;
				CLANG_WARN_BLOCK_CAPTURE_AUTORELEASING = YES;
				CLANG_WARN_BOOL_CONVERSION = YES;
				CLANG_WARN_COMMA = YES;
				CLANG_WARN_CONSTANT_CONVERSION = YES;
				CLANG_WARN_DIRECT_OBJC_ISA_USAGE = YES_ERROR;
				CLANG_WARN_DOCUMENTATION_COMMENTS = YES;
				CLANG_WARN_EMPTY_BODY = YES;
				CLANG_WARN_ENUM_CONVERSION = YES;
				CLANG_WARN_INFINITE_RECURSION = YES;
				CLANG_WARN_INT_CONVERSION = YES;
				CLANG_WARN_NON_LITERAL_NULL_CONVERSION = YES;
				CLANG_WARN_OBJC_LITERAL_CONVERSION = YES;
				CLANG_WARN_OBJC_ROOT_CLASS = YES_ERROR;
				CLANG_WARN_RANGE_LOOP_ANALYSIS = YES;
				CLANG_WARN_STRICT_PROTOTYPES = YES;
				CLANG_WARN_SUSPICIOUS_MOVE = YES;
				CLANG_WARN_UNGUARDED_AVAILABILITY = YES_AGGRESSIVE;
				CLANG_WARN_UNREACHABLE_CODE = YES;
				CLANG_WARN__DUPLICATE_METHOD_MATCH = YES;
				CODE_SIGN_IDENTITY = "iPhone Distribution: James Longman (5SS98SJ973)";
				COPY_PHASE_STRIP = NO;
				DEBUG_INFORMATION_FORMAT = dwarf;
				ENABLE_STRICT_OBJC_MSGSEND = YES;
				ENABLE_TESTABILITY = YES;
				GCC_C_LANGUAGE_STANDARD = gnu11;
				GCC_DYNAMIC_NO_PIC = NO;
				GCC_NO_COMMON_BLOCKS = YES;
				GCC_OPTIMIZATION_LEVEL = 0;
				GCC_PREPROCESSOR_DEFINITIONS = (
					"DEBUG=1",
					"$(inherited)",
				);
				GCC_WARN_64_TO_32_BIT_CONVERSION = YES;
				GCC_WARN_ABOUT_RETURN_TYPE = YES_ERROR;
				GCC_WARN_UNDECLARED_SELECTOR = YES;
				GCC_WARN_UNINITIALIZED_AUTOS = YES_AGGRESSIVE;
				GCC_WARN_UNUSED_FUNCTION = YES;
				GCC_WARN_UNUSED_VARIABLE = YES;
				IPHONEOS_DEPLOYMENT_TARGET = 11.2;
				MTL_ENABLE_DEBUG_INFO = YES;
				ONLY_ACTIVE_ARCH = YES;
				SDKROOT = iphoneos;
				SWIFT_ACTIVE_COMPILATION_CONDITIONS = DEBUG;
				SWIFT_OPTIMIZATION_LEVEL = "-Onone";
			};
			name = Debug;
		};
		E6D4D0022022EA0A00FF5658 /* Release */ = {
			isa = XCBuildConfiguration;
			buildSettings = {
				ALWAYS_SEARCH_USER_PATHS = NO;
				CLANG_ANALYZER_NONNULL = YES;
				CLANG_ANALYZER_NUMBER_OBJECT_CONVERSION = YES_AGGRESSIVE;
				CLANG_CXX_LANGUAGE_STANDARD = "gnu++14";
				CLANG_CXX_LIBRARY = "libc++";
				CLANG_ENABLE_MODULES = YES;
				CLANG_ENABLE_OBJC_ARC = YES;
				CLANG_WARN_BLOCK_CAPTURE_AUTORELEASING = YES;
				CLANG_WARN_BOOL_CONVERSION = YES;
				CLANG_WARN_COMMA = YES;
				CLANG_WARN_CONSTANT_CONVERSION = YES;
				CLANG_WARN_DIRECT_OBJC_ISA_USAGE = YES_ERROR;
				CLANG_WARN_DOCUMENTATION_COMMENTS = YES;
				CLANG_WARN_EMPTY_BODY = YES;
				CLANG_WARN_ENUM_CONVERSION = YES;
				CLANG_WARN_INFINITE_RECURSION = YES;
				CLANG_WARN_INT_CONVERSION = YES;
				CLANG_WARN_NON_LITERAL_NULL_CONVERSION = YES;
				CLANG_WARN_OBJC_LITERAL_CONVERSION = YES;
				CLANG_WARN_OBJC_ROOT_CLASS = YES_ERROR;
				CLANG_WARN_RANGE_LOOP_ANALYSIS = YES;
				CLANG_WARN_STRICT_PROTOTYPES = YES;
				CLANG_WARN_SUSPICIOUS_MOVE = YES;
				CLANG_WARN_UNGUARDED_AVAILABILITY = YES_AGGRESSIVE;
				CLANG_WARN_UNREACHABLE_CODE = YES;
				CLANG_WARN__DUPLICATE_METHOD_MATCH = YES;
				CODE_SIGN_IDENTITY = "iPhone Distribution: James Longman (5SS98SJ973)";
				COPY_PHASE_STRIP = NO;
				DEBUG_INFORMATION_FORMAT = "dwarf-with-dsym";
				ENABLE_NS_ASSERTIONS = NO;
				ENABLE_STRICT_OBJC_MSGSEND = YES;
				GCC_C_LANGUAGE_STANDARD = gnu11;
				GCC_NO_COMMON_BLOCKS = YES;
				GCC_WARN_64_TO_32_BIT_CONVERSION = YES;
				GCC_WARN_ABOUT_RETURN_TYPE = YES_ERROR;
				GCC_WARN_UNDECLARED_SELECTOR = YES;
				GCC_WARN_UNINITIALIZED_AUTOS = YES_AGGRESSIVE;
				GCC_WARN_UNUSED_FUNCTION = YES;
				GCC_WARN_UNUSED_VARIABLE = YES;
				IPHONEOS_DEPLOYMENT_TARGET = 11.2;
				MTL_ENABLE_DEBUG_INFO = NO;
				SDKROOT = iphoneos;
				SWIFT_OPTIMIZATION_LEVEL = "-Owholemodule";
				VALIDATE_PRODUCT = YES;
			};
			name = Release;
		};
		E6D4D0042022EA0A00FF5658 /* Debug */ = {
			isa = XCBuildConfiguration;
			baseConfigurationReference = 4E0A137450BEFCA3007DD525 /* Pods-Squad Mortar Calculator.debug.xcconfig */;
			buildSettings = {
				ASSETCATALOG_COMPILER_APPICON_NAME = AppIcon;
				ASSETCATALOG_COMPILER_LAUNCHIMAGE_NAME = LaunchImage;
				CODE_SIGN_IDENTITY = "iPhone Developer";
				"CODE_SIGN_IDENTITY[sdk=iphoneos*]" = "iPhone Developer";
				CODE_SIGN_STYLE = Automatic;
				DEVELOPMENT_TEAM = 5SS98SJ973;
				INFOPLIST_FILE = "Squad Mortar Calculator/Info.plist";
				IPHONEOS_DEPLOYMENT_TARGET = 11.2;
				LD_RUNPATH_SEARCH_PATHS = "$(inherited) @executable_path/Frameworks";
				PRODUCT_BUNDLE_IDENTIFIER = "com.JamesLongman.Squad-Mortar-Calculator";
				PRODUCT_NAME = "$(TARGET_NAME)";
				PROVISIONING_PROFILE_SPECIFIER = "";
				SWIFT_VERSION = 4.0;
				TARGETED_DEVICE_FAMILY = "1,2";
			};
			name = Debug;
		};
		E6D4D0052022EA0A00FF5658 /* Release */ = {
			isa = XCBuildConfiguration;
			baseConfigurationReference = E2AF6421294EE43932BCE641 /* Pods-Squad Mortar Calculator.release.xcconfig */;
			buildSettings = {
				ASSETCATALOG_COMPILER_APPICON_NAME = AppIcon;
				ASSETCATALOG_COMPILER_LAUNCHIMAGE_NAME = LaunchImage;
				CODE_SIGN_IDENTITY = "iPhone Developer";
				"CODE_SIGN_IDENTITY[sdk=iphoneos*]" = "iPhone Developer";
				CODE_SIGN_STYLE = Automatic;
				DEVELOPMENT_TEAM = 5SS98SJ973;
				INFOPLIST_FILE = "Squad Mortar Calculator/Info.plist";
				IPHONEOS_DEPLOYMENT_TARGET = 11.2;
				LD_RUNPATH_SEARCH_PATHS = "$(inherited) @executable_path/Frameworks";
				PRODUCT_BUNDLE_IDENTIFIER = "com.JamesLongman.Squad-Mortar-Calculator";
				PRODUCT_NAME = "$(TARGET_NAME)";
				PROVISIONING_PROFILE_SPECIFIER = "";
				SWIFT_VERSION = 4.0;
				TARGETED_DEVICE_FAMILY = "1,2";
			};
			name = Release;
		};
		E6D4D0072022EA0A00FF5658 /* Debug */ = {
			isa = XCBuildConfiguration;
			baseConfigurationReference = D62F5606306EC61445179FAB /* Pods-Squad Mortar CalculatorTests.debug.xcconfig */;
			buildSettings = {
				ALWAYS_EMBED_SWIFT_STANDARD_LIBRARIES = YES;
				BUNDLE_LOADER = "$(TEST_HOST)";
				CLANG_ENABLE_MODULES = YES;
				CODE_SIGN_STYLE = Automatic;
				DEVELOPMENT_TEAM = 5SS98SJ973;
				INFOPLIST_FILE = "Squad Mortar CalculatorTests/Info.plist";
				LD_RUNPATH_SEARCH_PATHS = "$(inherited) @executable_path/Frameworks @loader_path/Frameworks";
				PRODUCT_BUNDLE_IDENTIFIER = "com.JamesLongman.Squad-Mortar-CalculatorTests";
				PRODUCT_NAME = "$(TARGET_NAME)";
				SWIFT_OPTIMIZATION_LEVEL = "-Onone";
				SWIFT_VERSION = 4.0;
				TARGETED_DEVICE_FAMILY = "1,2";
				TEST_HOST = "$(BUILT_PRODUCTS_DIR)/Squad Mortar Calculator.app/Squad Mortar Calculator";
			};
			name = Debug;
		};
		E6D4D0082022EA0A00FF5658 /* Release */ = {
			isa = XCBuildConfiguration;
			baseConfigurationReference = D36218B670B17AAF55F87804 /* Pods-Squad Mortar CalculatorTests.release.xcconfig */;
			buildSettings = {
				ALWAYS_EMBED_SWIFT_STANDARD_LIBRARIES = YES;
				BUNDLE_LOADER = "$(TEST_HOST)";
				CLANG_ENABLE_MODULES = YES;
				CODE_SIGN_STYLE = Automatic;
				DEVELOPMENT_TEAM = 5SS98SJ973;
				INFOPLIST_FILE = "Squad Mortar CalculatorTests/Info.plist";
				LD_RUNPATH_SEARCH_PATHS = "$(inherited) @executable_path/Frameworks @loader_path/Frameworks";
				PRODUCT_BUNDLE_IDENTIFIER = "com.JamesLongman.Squad-Mortar-CalculatorTests";
				PRODUCT_NAME = "$(TARGET_NAME)";
				SWIFT_VERSION = 4.0;
				TARGETED_DEVICE_FAMILY = "1,2";
				TEST_HOST = "$(BUILT_PRODUCTS_DIR)/Squad Mortar Calculator.app/Squad Mortar Calculator";
			};
			name = Release;
		};
		E6D4D00A2022EA0A00FF5658 /* Debug */ = {
			isa = XCBuildConfiguration;
			baseConfigurationReference = FB7206AC631971228284313E /* Pods-Squad Mortar CalculatorUITests.debug.xcconfig */;
			buildSettings = {
				ALWAYS_EMBED_SWIFT_STANDARD_LIBRARIES = YES;
				CODE_SIGN_STYLE = Automatic;
				DEVELOPMENT_TEAM = 5SS98SJ973;
				INFOPLIST_FILE = "Squad Mortar CalculatorUITests/Info.plist";
				LD_RUNPATH_SEARCH_PATHS = "$(inherited) @executable_path/Frameworks @loader_path/Frameworks";
				PRODUCT_BUNDLE_IDENTIFIER = "com.JamesLongman.Squad-Mortar-CalculatorUITests";
				PRODUCT_NAME = "$(TARGET_NAME)";
				SWIFT_VERSION = 4.0;
				TARGETED_DEVICE_FAMILY = "1,2";
				TEST_TARGET_NAME = "Squad Mortar Calculator";
			};
			name = Debug;
		};
		E6D4D00B2022EA0A00FF5658 /* Release */ = {
			isa = XCBuildConfiguration;
			baseConfigurationReference = 7B459B319504599F88B8F69B /* Pods-Squad Mortar CalculatorUITests.release.xcconfig */;
			buildSettings = {
				ALWAYS_EMBED_SWIFT_STANDARD_LIBRARIES = YES;
				CODE_SIGN_STYLE = Automatic;
				DEVELOPMENT_TEAM = 5SS98SJ973;
				INFOPLIST_FILE = "Squad Mortar CalculatorUITests/Info.plist";
				LD_RUNPATH_SEARCH_PATHS = "$(inherited) @executable_path/Frameworks @loader_path/Frameworks";
				PRODUCT_BUNDLE_IDENTIFIER = "com.JamesLongman.Squad-Mortar-CalculatorUITests";
				PRODUCT_NAME = "$(TARGET_NAME)";
				SWIFT_VERSION = 4.0;
				TARGETED_DEVICE_FAMILY = "1,2";
				TEST_TARGET_NAME = "Squad Mortar Calculator";
			};
			name = Release;
		};
/* End XCBuildConfiguration section */

/* Begin XCConfigurationList section */
		E6D4CFD62022EA0900FF5658 /* Build configuration list for PBXProject "Squad Mortar Calculator" */ = {
			isa = XCConfigurationList;
			buildConfigurations = (
				E6D4D0012022EA0A00FF5658 /* Debug */,
				E627A58B2052A3E10055D2BD /* Analyze */,
				E6D4D0022022EA0A00FF5658 /* Release */,
			);
			defaultConfigurationIsVisible = 0;
			defaultConfigurationName = Release;
		};
		E6D4D0032022EA0A00FF5658 /* Build configuration list for PBXNativeTarget "Squad Mortar Calculator" */ = {
			isa = XCConfigurationList;
			buildConfigurations = (
				E6D4D0042022EA0A00FF5658 /* Debug */,
				E627A58C2052A3E10055D2BD /* Analyze */,
				E6D4D0052022EA0A00FF5658 /* Release */,
			);
			defaultConfigurationIsVisible = 0;
			defaultConfigurationName = Release;
		};
		E6D4D0062022EA0A00FF5658 /* Build configuration list for PBXNativeTarget "Squad Mortar CalculatorTests" */ = {
			isa = XCConfigurationList;
			buildConfigurations = (
				E6D4D0072022EA0A00FF5658 /* Debug */,
				E627A58D2052A3E10055D2BD /* Analyze */,
				E6D4D0082022EA0A00FF5658 /* Release */,
			);
			defaultConfigurationIsVisible = 0;
			defaultConfigurationName = Release;
		};
		E6D4D0092022EA0A00FF5658 /* Build configuration list for PBXNativeTarget "Squad Mortar CalculatorUITests" */ = {
			isa = XCConfigurationList;
			buildConfigurations = (
				E6D4D00A2022EA0A00FF5658 /* Debug */,
				E627A58E2052A3E10055D2BD /* Analyze */,
				E6D4D00B2022EA0A00FF5658 /* Release */,
			);
			defaultConfigurationIsVisible = 0;
			defaultConfigurationName = Release;
		};
/* End XCConfigurationList section */
	};
	rootObject = E6D4CFD32022EA0900FF5658 /* Project object */;
}
